
Microsoft Visual Studio Solution File, Format Version 12.00
# Visual Studio Version 17
VisualStudioVersion = 17.7.34003.232
MinimumVisualStudioVersion = 10.0.40219.1
Project("{FAE04EC0-301F-11D3-BF4B-00C04F79EFBC}") = "Prometheus.Client.MetricPusher.HostedService", "src\Prometheus.Client.MetricPusher.HostedService.csproj", "{0E1315C9-0B9C-438C-ADC7-DEB0CFC8CF5C}"
EndProject
Project("{FAE04EC0-301F-11D3-BF4B-00C04F79EFBC}") = "Prometheus.Client.MetricPusher.HostedService.Tests", "tests\Prometheus.Client.MetricPusher.HostedService.Tests.csproj", "{D3310A66-8E6B-4F26-B0FD-B5A152ECAB84}"
EndProject
Global
	GlobalSection(SolutionConfigurationPlatforms) = preSolution
		Debug|Any CPU = Debug|Any CPU
		Release|Any CPU = Release|Any CPU
	EndGlobalSection
	GlobalSection(ProjectConfigurationPlatforms) = postSolution
		{0E1315C9-0B9C-438C-ADC7-DEB0CFC8CF5C}.Debug|Any CPU.ActiveCfg = Debug|Any CPU
		{0E1315C9-0B9C-438C-ADC7-DEB0CFC8CF5C}.Debug|Any CPU.Build.0 = Debug|Any CPU
		{0E1315C9-0B9C-438C-ADC7-DEB0CFC8CF5C}.Release|Any CPU.ActiveCfg = Release|Any CPU
		{0E1315C9-0B9C-438C-ADC7-DEB0CFC8CF5C}.Release|Any CPU.Build.0 = Release|Any CPU
		{D3310A66-8E6B-4F26-B0FD-B5A152ECAB84}.Debug|Any CPU.ActiveCfg = Debug|Any CPU
		{D3310A66-8E6B-4F26-B0FD-B5A152ECAB84}.Debug|Any CPU.Build.0 = Debug|Any CPU
		{D3310A66-8E6B-4F26-B0FD-B5A152ECAB84}.Release|Any CPU.ActiveCfg = Release|Any CPU
		{D3310A66-8E6B-4F26-B0FD-B5A152ECAB84}.Release|Any CPU.Build.0 = Release|Any CPU
	EndGlobalSection
	GlobalSection(SolutionProperties) = preSolution
		HideSolutionNode = FALSE
	EndGlobalSection
	GlobalSection(ExtensibilityGlobals) = postSolution
		SolutionGuid = {2A144989-FB17-400D-A3E8-78C7534AF12F}
	EndGlobalSection
EndGlobal
